{
  "name": "@quantumseal/viewer",
  "version": "0.1.0",
  "lockfileVersion": 3,
  "requires": true,
  "packages": {
    "": {
      "name": "@quantumseal/viewer",
      "version": "0.1.0",
      "license": "MIT",
      "bin": {
        "quantumseal-view": "dist/cli.js"
      },
      "devDependencies": {
        "@types/node": "20.14.9",
        "typescript": "5.8.3"
      },
      "engines": {
